// !$*UTF8*$!
{
	archiveVersion = 1;
	classes = {
	};
	objectVersion = 46;
	objects = {

/* Begin PBXBuildFile section */
		8E645DC21B119224001F0F0B /* back.jpg in Resources */ = {isa = PBXBuildFile; fileRef = 8E645DC11B119224001F0F0B /* back.jpg */; };
		8EDF50DA1B10183900252808 /* AppDelegate.swift in Sources */ = {isa = PBXBuildFile; fileRef = 8EDF50D91B10183900252808 /* AppDelegate.swift */; };
		8EDF50DC1B10183900252808 /* ViewController.swift in Sources */ = {isa = PBXBuildFile; fileRef = 8EDF50DB1B10183900252808 /* ViewController.swift */; };
		8EDF50DF1B10183900252808 /* Main.storyboard in Resources */ = {isa = PBXBuildFile; fileRef = 8EDF50DD1B10183900252808 /* Main.storyboard */; };
		8EDF50E11B10183900252808 /* Images.xcassets in Resources */ = {isa = PBXBuildFile; fileRef = 8EDF50E01B10183900252808 /* Images.xcassets */; };
		8EDF50E41B10183900252808 /* LaunchScreen.xib in Resources */ = {isa = PBXBuildFile; fileRef = 8EDF50E21B10183900252808 /* LaunchScreen.xib */; };
		8EDF50F01B10183900252808 /* SafetyDrinkTests.swift in Sources */ = {isa = PBXBuildFile; fileRef = 8EDF50EF1B10183900252808 /* SafetyDrinkTests.swift */; };
		8EDF51061B1018DA00252808 /* HVC.h in CopyFiles */ = {isa = PBXBuildFile; fileRef = 8EDF51051B1018DA00252808 /* HVC.h */; };
		8EDF51081B1018DA00252808 /* HVC.m in Sources */ = {isa = PBXBuildFile; fileRef = 8EDF51071B1018DA00252808 /* HVC.m */; };
		8EDF51271B10191D00252808 /* BleDeviceService.m in Sources */ = {isa = PBXBuildFile; fileRef = 8EDF511B1B10191D00252808 /* BleDeviceService.m */; };
		8EDF51281B10191D00252808 /* HVC_BLE.m in Sources */ = {isa = PBXBuildFile; fileRef = 8EDF511D1B10191D00252808 /* HVC_BLE.m */; };
		8EDF51291B10191D00252808 /* HVC_PRM.m in Sources */ = {isa = PBXBuildFile; fileRef = 8EDF511F1B10191D00252808 /* HVC_PRM.m */; };
		8EDF512A1B10191D00252808 /* HVC_RES.m in Sources */ = {isa = PBXBuildFile; fileRef = 8EDF51211B10191D00252808 /* HVC_RES.m */; };
		8EDF512B1B10191D00252808 /* HVC_VER.m in Sources */ = {isa = PBXBuildFile; fileRef = 8EDF51231B10191D00252808 /* HVC_VER.m */; };
		8EDF512D1B10193600252808 /* libHVC.a in Frameworks */ = {isa = PBXBuildFile; fileRef = 8EDF51031B1018D900252808 /* libHVC.a */; };
		8EDF51311B101BEF00252808 /* MainViewController.swift in Sources */ = {isa = PBXBuildFile; fileRef = 8EDF51301B101BEF00252808 /* MainViewController.swift */; };
		8EDF51381B10218D00252808 /* ExternalAccessory.framework in Frameworks */ = {isa = PBXBuildFile; fileRef = 8EDF51371B10218D00252808 /* ExternalAccessory.framework */; };
		8EDF513A1B1021AD00252808 /* CoreBluetooth.framework in Frameworks */ = {isa = PBXBuildFile; fileRef = 8EDF51391B1021AD00252808 /* CoreBluetooth.framework */; };
		8EDF513C1B10678200252808 /* Connection.swift in Sources */ = {isa = PBXBuildFile; fileRef = 8EDF513B1B10678200252808 /* Connection.swift */; };
		8EDF513E1B1067F300252808 /* CoreLocation.framework in Frameworks */ = {isa = PBXBuildFile; fileRef = 8EDF513D1B1067F200252808 /* CoreLocation.framework */; };
		8EDF51401B10726700252808 /* SettingTableViewController.swift in Sources */ = {isa = PBXBuildFile; fileRef = 8EDF513F1B10726700252808 /* SettingTableViewController.swift */; };
		8EDF51421B1075CC00252808 /* VoiceSettingViewController.swift in Sources */ = {isa = PBXBuildFile; fileRef = 8EDF51411B1075CC00252808 /* VoiceSettingViewController.swift */; };
		8EDF51451B10910B00252808 /* TimesettingViewController.swift in Sources */ = {isa = PBXBuildFile; fileRef = 8EDF51441B10910B00252808 /* TimesettingViewController.swift */; };
		8EDF51471B10956000252808 /* Security.framework in Frameworks */ = {isa = PBXBuildFile; fileRef = 8EDF51461B10956000252808 /* Security.framework */; };
		8EDF51491B10BA9B00252808 /* AVFoundation.framework in Frameworks */ = {isa = PBXBuildFile; fileRef = 8EDF51481B10BA9B00252808 /* AVFoundation.framework */; };
/* End PBXBuildFile section */

/* Begin PBXContainerItemProxy section */
		8EDF50EA1B10183900252808 /* PBXContainerItemProxy */ = {
			isa = PBXContainerItemProxy;
			containerPortal = 8EDF50CC1B10183900252808 /* Project object */;
			proxyType = 1;
			remoteGlobalIDString = 8EDF50D31B10183900252808;
			remoteInfo = SafetyDrink;
		};
/* End PBXContainerItemProxy section */

/* Begin PBXCopyFilesBuildPhase section */
		8EDF51011B1018D900252808 /* CopyFiles */ = {
			isa = PBXCopyFilesBuildPhase;
			buildActionMask = 2147483647;
			dstPath = "include/$(PRODUCT_NAME)";
			dstSubfolderSpec = 16;
			files = (
				8EDF51061B1018DA00252808 /* HVC.h in CopyFiles */,
			);
			runOnlyForDeploymentPostprocessing = 0;
		};
/* End PBXCopyFilesBuildPhase section */

/* Begin PBXFileReference section */
		8E645DC11B119224001F0F0B /* back.jpg */ = {isa = PBXFileReference; lastKnownFileType = image.jpeg; path = back.jpg; sourceTree = "<group>"; };
		8EDF50D41B10183900252808 /* SafetyDrink.app */ = {isa = PBXFileReference; explicitFileType = wrapper.application; includeInIndex = 0; path = SafetyDrink.app; sourceTree = BUILT_PRODUCTS_DIR; };
		8EDF50D81B10183900252808 /* Info.plist */ = {isa = PBXFileReference; lastKnownFileType = text.plist.xml; path = Info.plist; sourceTree = "<group>"; };
		8EDF50D91B10183900252808 /* AppDelegate.swift */ = {isa = PBXFileReference; lastKnownFileType = sourcecode.swift; path = AppDelegate.swift; sourceTree = "<group>"; };
		8EDF50DB1B10183900252808 /* ViewController.swift */ = {isa = PBXFileReference; lastKnownFileType = sourcecode.swift; path = ViewController.swift; sourceTree = "<group>"; };
		8EDF50DE1B10183900252808 /* Base */ = {isa = PBXFileReference; lastKnownFileType = file.storyboard; name = Base; path = Base.lproj/Main.storyboard; sourceTree = "<group>"; };
		8EDF50E01B10183900252808 /* Images.xcassets */ = {isa = PBXFileReference; lastKnownFileType = folder.assetcatalog; path = Images.xcassets; sourceTree = "<group>"; };
		8EDF50E31B10183900252808 /* Base */ = {isa = PBXFileReference; lastKnownFileType = file.xib; name = Base; path = Base.lproj/LaunchScreen.xib; sourceTree = "<group>"; };
		8EDF50E91B10183900252808 /* SafetyDrinkTests.xctest */ = {isa = PBXFileReference; explicitFileType = wrapper.cfbundle; includeInIndex = 0; path = SafetyDrinkTests.xctest; sourceTree = BUILT_PRODUCTS_DIR; };
		8EDF50EE1B10183900252808 /* Info.plist */ = {isa = PBXFileReference; lastKnownFileType = text.plist.xml; path = Info.plist; sourceTree = "<group>"; };
		8EDF50EF1B10183900252808 /* SafetyDrinkTests.swift */ = {isa = PBXFileReference; lastKnownFileType = sourcecode.swift; path = SafetyDrinkTests.swift; sourceTree = "<group>"; };
		8EDF50FA1B10187C00252808 /* SafetyDrink-Bridging-Header.h */ = {isa = PBXFileReference; lastKnownFileType = sourcecode.c.h; path = "SafetyDrink-Bridging-Header.h"; sourceTree = "<group>"; };
		8EDF50FB1B10187C00252808 /* SafetyDrinkTests-Bridging-Header.h */ = {isa = PBXFileReference; lastKnownFileType = sourcecode.c.h; name = "SafetyDrinkTests-Bridging-Header.h"; path = "../SafetyDrink/SafetyDrinkTests-Bridging-Header.h"; sourceTree = "<group>"; };
		8EDF51031B1018D900252808 /* libHVC.a */ = {isa = PBXFileReference; explicitFileType = archive.ar; includeInIndex = 0; path = libHVC.a; sourceTree = BUILT_PRODUCTS_DIR; };
		8EDF51051B1018DA00252808 /* HVC.h */ = {isa = PBXFileReference; lastKnownFileType = sourcecode.c.h; path = HVC.h; sourceTree = "<group>"; };
		8EDF51071B1018DA00252808 /* HVC.m */ = {isa = PBXFileReference; lastKnownFileType = sourcecode.c.objc; path = HVC.m; sourceTree = "<group>"; };
		8EDF511A1B10191D00252808 /* BleDeviceService.h */ = {isa = PBXFileReference; fileEncoding = 4; lastKnownFileType = sourcecode.c.h; path = BleDeviceService.h; sourceTree = "<group>"; };
		8EDF511B1B10191D00252808 /* BleDeviceService.m */ = {isa = PBXFileReference; fileEncoding = 4; lastKnownFileType = sourcecode.c.objc; path = BleDeviceService.m; sourceTree = "<group>"; };
		8EDF511C1B10191D00252808 /* HVC_BLE.h */ = {isa = PBXFileReference; fileEncoding = 4; lastKnownFileType = sourcecode.c.h; path = HVC_BLE.h; sourceTree = "<group>"; };
		8EDF511D1B10191D00252808 /* HVC_BLE.m */ = {isa = PBXFileReference; fileEncoding = 4; lastKnownFileType = sourcecode.c.objc; path = HVC_BLE.m; sourceTree = "<group>"; };
		8EDF511E1B10191D00252808 /* HVC_PRM.h */ = {isa = PBXFileReference; fileEncoding = 4; lastKnownFileType = sourcecode.c.h; path = HVC_PRM.h; sourceTree = "<group>"; };
		8EDF511F1B10191D00252808 /* HVC_PRM.m */ = {isa = PBXFileReference; fileEncoding = 4; lastKnownFileType = sourcecode.c.objc; path = HVC_PRM.m; sourceTree = "<group>"; };
		8EDF51201B10191D00252808 /* HVC_RES.h */ = {isa = PBXFileReference; fileEncoding = 4; lastKnownFileType = sourcecode.c.h; path = HVC_RES.h; sourceTree = "<group>"; };
		8EDF51211B10191D00252808 /* HVC_RES.m */ = {isa = PBXFileReference; fileEncoding = 4; lastKnownFileType = sourcecode.c.objc; path = HVC_RES.m; sourceTree = "<group>"; };
		8EDF51221B10191D00252808 /* HVC_VER.h */ = {isa = PBXFileReference; fileEncoding = 4; lastKnownFileType = sourcecode.c.h; path = HVC_VER.h; sourceTree = "<group>"; };
		8EDF51231B10191D00252808 /* HVC_VER.m */ = {isa = PBXFileReference; fileEncoding = 4; lastKnownFileType = sourcecode.c.objc; path = HVC_VER.m; sourceTree = "<group>"; };
		8EDF51261B10191D00252808 /* HVCC_Define.h */ = {isa = PBXFileReference; fileEncoding = 4; lastKnownFileType = sourcecode.c.h; path = HVCC_Define.h; sourceTree = "<group>"; };
		8EDF51301B101BEF00252808 /* MainViewController.swift */ = {isa = PBXFileReference; fileEncoding = 4; lastKnownFileType = sourcecode.swift; name = MainViewController.swift; path = Classes/MainViewController.swift; sourceTree = "<group>"; };
		8EDF51371B10218D00252808 /* ExternalAccessory.framework */ = {isa = PBXFileReference; lastKnownFileType = wrapper.framework; name = ExternalAccessory.framework; path = System/Library/Frameworks/ExternalAccessory.framework; sourceTree = SDKROOT; };
		8EDF51391B1021AD00252808 /* CoreBluetooth.framework */ = {isa = PBXFileReference; lastKnownFileType = wrapper.framework; name = CoreBluetooth.framework; path = System/Library/Frameworks/CoreBluetooth.framework; sourceTree = SDKROOT; };
		8EDF513B1B10678200252808 /* Connection.swift */ = {isa = PBXFileReference; fileEncoding = 4; lastKnownFileType = sourcecode.swift; name = Connection.swift; path = Classes/Connection.swift; sourceTree = "<group>"; };
		8EDF513D1B1067F200252808 /* CoreLocation.framework */ = {isa = PBXFileReference; lastKnownFileType = wrapper.framework; name = CoreLocation.framework; path = System/Library/Frameworks/CoreLocation.framework; sourceTree = SDKROOT; };
		8EDF513F1B10726700252808 /* SettingTableViewController.swift */ = {isa = PBXFileReference; fileEncoding = 4; lastKnownFileType = sourcecode.swift; name = SettingTableViewController.swift; path = Classes/SettingTableViewController.swift; sourceTree = "<group>"; };
		8EDF51411B1075CC00252808 /* VoiceSettingViewController.swift */ = {isa = PBXFileReference; fileEncoding = 4; lastKnownFileType = sourcecode.swift; name = VoiceSettingViewController.swift; path = Classes/VoiceSettingViewController.swift; sourceTree = "<group>"; };
		8EDF51431B1077B500252808 /* SafetyDrink.entitlements */ = {isa = PBXFileReference; lastKnownFileType = text.xml; path = SafetyDrink.entitlements; sourceTree = "<group>"; };
		8EDF51441B10910B00252808 /* TimesettingViewController.swift */ = {isa = PBXFileReference; fileEncoding = 4; lastKnownFileType = sourcecode.swift; name = TimesettingViewController.swift; path = Classes/TimesettingViewController.swift; sourceTree = "<group>"; };
		8EDF51461B10956000252808 /* Security.framework */ = {isa = PBXFileReference; lastKnownFileType = wrapper.framework; name = Security.framework; path = System/Library/Frameworks/Security.framework; sourceTree = SDKROOT; };
		8EDF51481B10BA9B00252808 /* AVFoundation.framework */ = {isa = PBXFileReference; lastKnownFileType = wrapper.framework; name = AVFoundation.framework; path = System/Library/Frameworks/AVFoundation.framework; sourceTree = SDKROOT; };
/* End PBXFileReference section */

/* Begin PBXFrameworksBuildPhase section */
		8EDF50D11B10183900252808 /* Frameworks */ = {
			isa = PBXFrameworksBuildPhase;
			buildActionMask = 2147483647;
			files = (
				8EDF51491B10BA9B00252808 /* AVFoundation.framework in Frameworks */,
				8EDF51471B10956000252808 /* Security.framework in Frameworks */,
				8EDF513E1B1067F300252808 /* CoreLocation.framework in Frameworks */,
				8EDF513A1B1021AD00252808 /* CoreBluetooth.framework in Frameworks */,
				8EDF51381B10218D00252808 /* ExternalAccessory.framework in Frameworks */,
				8EDF512D1B10193600252808 /* libHVC.a in Frameworks */,
			);
			runOnlyForDeploymentPostprocessing = 0;
		};
		8EDF50E61B10183900252808 /* Frameworks */ = {
			isa = PBXFrameworksBuildPhase;
			buildActionMask = 2147483647;
			files = (
			);
			runOnlyForDeploymentPostprocessing = 0;
		};
		8EDF51001B1018D900252808 /* Frameworks */ = {
			isa = PBXFrameworksBuildPhase;
			buildActionMask = 2147483647;
			files = (
			);
			runOnlyForDeploymentPostprocessing = 0;
		};
/* End PBXFrameworksBuildPhase section */

/* Begin PBXGroup section */
		8EDF50CB1B10183900252808 = {
			isa = PBXGroup;
			children = (
				8EDF50D61B10183900252808 /* SafetyDrink */,
				8EDF50EC1B10183900252808 /* SafetyDrinkTests */,
				8EDF51041B1018D900252808 /* HVC */,
				8EDF50D51B10183900252808 /* Products */,
			);
			sourceTree = "<group>";
		};
		8EDF50D51B10183900252808 /* Products */ = {
			isa = PBXGroup;
			children = (
				8EDF50D41B10183900252808 /* SafetyDrink.app */,
				8EDF50E91B10183900252808 /* SafetyDrinkTests.xctest */,
				8EDF51031B1018D900252808 /* libHVC.a */,
			);
			name = Products;
			sourceTree = "<group>";
		};
		8EDF50D61B10183900252808 /* SafetyDrink */ = {
			isa = PBXGroup;
			children = (
				8EDF51431B1077B500252808 /* SafetyDrink.entitlements */,
				8EDF512F1B101B4800252808 /* Model */,
				8EDF512E1B101B3700252808 /* ViewController */,
				8EDF50D91B10183900252808 /* AppDelegate.swift */,
				8EDF50DB1B10183900252808 /* ViewController.swift */,
				8EDF50DD1B10183900252808 /* Main.storyboard */,
				8EDF50E01B10183900252808 /* Images.xcassets */,
				8EDF50E21B10183900252808 /* LaunchScreen.xib */,
				8E645DC11B119224001F0F0B /* back.jpg */,
				8EDF50D71B10183900252808 /* Supporting Files */,
			);
			path = SafetyDrink;
			sourceTree = "<group>";
		};
		8EDF50D71B10183900252808 /* Supporting Files */ = {
			isa = PBXGroup;
			children = (
				8EDF51481B10BA9B00252808 /* AVFoundation.framework */,
				8EDF51461B10956000252808 /* Security.framework */,
				8EDF513D1B1067F200252808 /* CoreLocation.framework */,
				8EDF51391B1021AD00252808 /* CoreBluetooth.framework */,
				8EDF51371B10218D00252808 /* ExternalAccessory.framework */,
				8EDF50FA1B10187C00252808 /* SafetyDrink-Bridging-Header.h */,
				8EDF50D81B10183900252808 /* Info.plist */,
			);
			name = "Supporting Files";
			sourceTree = "<group>";
		};
		8EDF50EC1B10183900252808 /* SafetyDrinkTests */ = {
			isa = PBXGroup;
			children = (
				8EDF50EF1B10183900252808 /* SafetyDrinkTests.swift */,
				8EDF50ED1B10183900252808 /* Supporting Files */,
			);
			path = SafetyDrinkTests;
			sourceTree = "<group>";
		};
		8EDF50ED1B10183900252808 /* Supporting Files */ = {
			isa = PBXGroup;
			children = (
				8EDF50FB1B10187C00252808 /* SafetyDrinkTests-Bridging-Header.h */,
				8EDF50EE1B10183900252808 /* Info.plist */,
			);
			name = "Supporting Files";
			sourceTree = "<group>";
		};
		8EDF51041B1018D900252808 /* HVC */ = {
			isa = PBXGroup;
			children = (
				8EDF511A1B10191D00252808 /* BleDeviceService.h */,
				8EDF511B1B10191D00252808 /* BleDeviceService.m */,
				8EDF511C1B10191D00252808 /* HVC_BLE.h */,
				8EDF511D1B10191D00252808 /* HVC_BLE.m */,
				8EDF511E1B10191D00252808 /* HVC_PRM.h */,
				8EDF511F1B10191D00252808 /* HVC_PRM.m */,
				8EDF51201B10191D00252808 /* HVC_RES.h */,
				8EDF51211B10191D00252808 /* HVC_RES.m */,
				8EDF51221B10191D00252808 /* HVC_VER.h */,
				8EDF51231B10191D00252808 /* HVC_VER.m */,
				8EDF51261B10191D00252808 /* HVCC_Define.h */,
				8EDF51051B1018DA00252808 /* HVC.h */,
				8EDF51071B1018DA00252808 /* HVC.m */,
			);
			path = HVC;
			sourceTree = "<group>";
		};
		8EDF512E1B101B3700252808 /* ViewController */ = {
			isa = PBXGroup;
			children = (
				8EDF51301B101BEF00252808 /* MainViewController.swift */,
				8EDF513F1B10726700252808 /* SettingTableViewController.swift */,
				8EDF51411B1075CC00252808 /* VoiceSettingViewController.swift */,
				8EDF51441B10910B00252808 /* TimesettingViewController.swift */,
			);
			name = ViewController;
			sourceTree = "<group>";
		};
		8EDF512F1B101B4800252808 /* Model */ = {
			isa = PBXGroup;
			children = (
				8EDF513B1B10678200252808 /* Connection.swift */,
			);
			name = Model;
			sourceTree = "<group>";
		};
/* End PBXGroup section */

/* Begin PBXNativeTarget section */
		8EDF50D31B10183900252808 /* SafetyDrink */ = {
			isa = PBXNativeTarget;
			buildConfigurationList = 8EDF50F31B10183900252808 /* Build configuration list for PBXNativeTarget "SafetyDrink" */;
			buildPhases = (
				8EDF50D01B10183900252808 /* Sources */,
				8EDF50D11B10183900252808 /* Frameworks */,
				8EDF50D21B10183900252808 /* Resources */,
			);
			buildRules = (
			);
			dependencies = (
			);
			name = SafetyDrink;
			productName = SafetyDrink;
			productReference = 8EDF50D41B10183900252808 /* SafetyDrink.app */;
			productType = "com.apple.product-type.application";
		};
		8EDF50E81B10183900252808 /* SafetyDrinkTests */ = {
			isa = PBXNativeTarget;
			buildConfigurationList = 8EDF50F61B10183900252808 /* Build configuration list for PBXNativeTarget "SafetyDrinkTests" */;
			buildPhases = (
				8EDF50E51B10183900252808 /* Sources */,
				8EDF50E61B10183900252808 /* Frameworks */,
				8EDF50E71B10183900252808 /* Resources */,
			);
			buildRules = (
			);
			dependencies = (
				8EDF50EB1B10183900252808 /* PBXTargetDependency */,
			);
			name = SafetyDrinkTests;
			productName = SafetyDrinkTests;
			productReference = 8EDF50E91B10183900252808 /* SafetyDrinkTests.xctest */;
			productType = "com.apple.product-type.bundle.unit-test";
		};
		8EDF51021B1018D900252808 /* HVC */ = {
			isa = PBXNativeTarget;
			buildConfigurationList = 8EDF51141B1018DA00252808 /* Build configuration list for PBXNativeTarget "HVC" */;
			buildPhases = (
				8EDF50FF1B1018D900252808 /* Sources */,
				8EDF51001B1018D900252808 /* Frameworks */,
				8EDF51011B1018D900252808 /* CopyFiles */,
			);
			buildRules = (
			);
			dependencies = (
			);
			name = HVC;
			productName = HVC;
			productReference = 8EDF51031B1018D900252808 /* libHVC.a */;
			productType = "com.apple.product-type.library.static";
		};
/* End PBXNativeTarget section */

/* Begin PBXProject section */
		8EDF50CC1B10183900252808 /* Project object */ = {
			isa = PBXProject;
			attributes = {
				LastUpgradeCheck = 0630;
				ORGANIZATIONNAME = "Sachiko Kajishima";
				TargetAttributes = {
					8EDF50D31B10183900252808 = {
						CreatedOnToolsVersion = 6.3.1;
						DevelopmentTeam = 47AF7U98C2;
						SystemCapabilities = {
							com.apple.BackgroundModes = {
								enabled = 0;
							};
						};
					};
					8EDF50E81B10183900252808 = {
						CreatedOnToolsVersion = 6.3.1;
						TestTargetID = 8EDF50D31B10183900252808;
					};
					8EDF51021B1018D900252808 = {
						CreatedOnToolsVersion = 6.3.1;
					};
				};
			};
			buildConfigurationList = 8EDF50CF1B10183900252808 /* Build configuration list for PBXProject "SafetyDrink" */;
			compatibilityVersion = "Xcode 3.2";
			developmentRegion = English;
			hasScannedForEncodings = 0;
			knownRegions = (
				en,
				Base,
			);
			mainGroup = 8EDF50CB1B10183900252808;
			productRefGroup = 8EDF50D51B10183900252808 /* Products */;
			projectDirPath = "";
			projectRoot = "";
			targets = (
				8EDF50D31B10183900252808 /* SafetyDrink */,
				8EDF50E81B10183900252808 /* SafetyDrinkTests */,
				8EDF51021B1018D900252808 /* HVC */,
			);
		};
/* End PBXProject section */

/* Begin PBXResourcesBuildPhase section */
		8EDF50D21B10183900252808 /* Resources */ = {
			isa = PBXResourcesBuildPhase;
			buildActionMask = 2147483647;
			files = (
				8E645DC21B119224001F0F0B /* back.jpg in Resources */,
				8EDF50DF1B10183900252808 /* Main.storyboard in Resources */,
				8EDF50E41B10183900252808 /* LaunchScreen.xib in Resources */,
				8EDF50E11B10183900252808 /* Images.xcassets in Resources */,
			);
			runOnlyForDeploymentPostprocessing = 0;
		};
		8EDF50E71B10183900252808 /* Resources */ = {
			isa = PBXResourcesBuildPhase;
			buildActionMask = 2147483647;
			files = (
			);
			runOnlyForDeploymentPostprocessing = 0;
		};
/* End PBXResourcesBuildPhase section */

/* Begin PBXSourcesBuildPhase section */
		8EDF50D01B10183900252808 /* Sources */ = {
			isa = PBXSourcesBuildPhase;
			buildActionMask = 2147483647;
			files = (
				8EDF51451B10910B00252808 /* TimesettingViewController.swift in Sources */,
				8EDF51421B1075CC00252808 /* VoiceSettingViewController.swift in Sources */,
				8EDF51311B101BEF00252808 /* MainViewController.swift in Sources */,
				8EDF50DC1B10183900252808 /* ViewController.swift in Sources */,
				8EDF513C1B10678200252808 /* Connection.swift in Sources */,
				8EDF50DA1B10183900252808 /* AppDelegate.swift in Sources */,
				8EDF51401B10726700252808 /* SettingTableViewController.swift in Sources */,
			);
			runOnlyForDeploymentPostprocessing = 0;
		};
		8EDF50E51B10183900252808 /* Sources */ = {
			isa = PBXSourcesBuildPhase;
			buildActionMask = 2147483647;
			files = (
				8EDF50F01B10183900252808 /* SafetyDrinkTests.swift in Sources */,
			);
			runOnlyForDeploymentPostprocessing = 0;
		};
		8EDF50FF1B1018D900252808 /* Sources */ = {
			isa = PBXSourcesBuildPhase;
			buildActionMask = 2147483647;
			files = (
				8EDF51281B10191D00252808 /* HVC_BLE.m in Sources */,
				8EDF512A1B10191D00252808 /* HVC_RES.m in Sources */,
				8EDF51081B1018DA00252808 /* HVC.m in Sources */,
				8EDF512B1B10191D00252808 /* HVC_VER.m in Sources */,
				8EDF51271B10191D00252808 /* BleDeviceService.m in Sources */,
				8EDF51291B10191D00252808 /* HVC_PRM.m in Sources */,
			);
			runOnlyForDeploymentPostprocessing = 0;
		};
/* End PBXSourcesBuildPhase section */

/* Begin PBXTargetDependency section */
		8EDF50EB1B10183900252808 /* PBXTargetDependency */ = {
			isa = PBXTargetDependency;
			target = 8EDF50D31B10183900252808 /* SafetyDrink */;
			targetProxy = 8EDF50EA1B10183900252808 /* PBXContainerItemProxy */;
		};
/* End PBXTargetDependency section */

/* Begin PBXVariantGroup section */
		8EDF50DD1B10183900252808 /* Main.storyboard */ = {
			isa = PBXVariantGroup;
			children = (
				8EDF50DE1B10183900252808 /* Base */,
			);
			name = Main.storyboard;
			sourceTree = "<group>";
		};
		8EDF50E21B10183900252808 /* LaunchScreen.xib */ = {
			isa = PBXVariantGroup;
			children = (
				8EDF50E31B10183900252808 /* Base */,
			);
			name = LaunchScreen.xib;
			sourceTree = "<group>";
		};
/* End PBXVariantGroup section */

/* Begin XCBuildConfiguration section */
		8EDF50F11B10183900252808 /* Debug */ = {
			isa = XCBuildConfiguration;
			buildSettings = {
				ALWAYS_SEARCH_USER_PATHS = NO;
				CLANG_CXX_LANGUAGE_STANDARD = "gnu++0x";
				CLANG_CXX_LIBRARY = "libc++";
				CLANG_ENABLE_MODULES = YES;
				CLANG_ENABLE_OBJC_ARC = YES;
				CLANG_WARN_BOOL_CONVERSION = YES;
				CLANG_WARN_CONSTANT_CONVERSION = YES;
				CLANG_WARN_DIRECT_OBJC_ISA_USAGE = YES_ERROR;
				CLANG_WARN_EMPTY_BODY = YES;
				CLANG_WARN_ENUM_CONVERSION = YES;
				CLANG_WARN_INT_CONVERSION = YES;
				CLANG_WARN_OBJC_ROOT_CLASS = YES_ERROR;
				CLANG_WARN_UNREACHABLE_CODE = YES;
				CLANG_WARN__DUPLICATE_METHOD_MATCH = YES;
				"CODE_SIGN_IDENTITY[sdk=iphoneos*]" = "iPhone Developer: Sachiko Kajishima (VZD7YK56U8)";
				COPY_PHASE_STRIP = NO;
				DEBUG_INFORMATION_FORMAT = "dwarf-with-dsym";
				ENABLE_STRICT_OBJC_MSGSEND = YES;
				GCC_C_LANGUAGE_STANDARD = gnu99;
				GCC_DYNAMIC_NO_PIC = NO;
				GCC_NO_COMMON_BLOCKS = YES;
				GCC_OPTIMIZATION_LEVEL = 0;
				GCC_PREPROCESSOR_DEFINITIONS = (
					"DEBUG=1",
					"$(inherited)",
				);
				GCC_SYMBOLS_PRIVATE_EXTERN = NO;
				GCC_WARN_64_TO_32_BIT_CONVERSION = YES;
				GCC_WARN_ABOUT_RETURN_TYPE = YES_ERROR;
				GCC_WARN_UNDECLARED_SELECTOR = YES;
				GCC_WARN_UNINITIALIZED_AUTOS = YES_AGGRESSIVE;
				GCC_WARN_UNUSED_FUNCTION = YES;
				GCC_WARN_UNUSED_VARIABLE = YES;
				IPHONEOS_DEPLOYMENT_TARGET = 8.3;
				MTL_ENABLE_DEBUG_INFO = YES;
				ONLY_ACTIVE_ARCH = YES;
				SDKROOT = iphoneos;
				SWIFT_OPTIMIZATION_LEVEL = "-Onone";
				TARGETED_DEVICE_FAMILY = "1,2";
			};
			name = Debug;
		};
		8EDF50F21B10183900252808 /* Release */ = {
			isa = XCBuildConfiguration;
			buildSettings = {
				ALWAYS_SEARCH_USER_PATHS = NO;
				CLANG_CXX_LANGUAGE_STANDARD = "gnu++0x";
				CLANG_CXX_LIBRARY = "libc++";
				CLANG_ENABLE_MODULES = YES;
				CLANG_ENABLE_OBJC_ARC = YES;
				CLANG_WARN_BOOL_CONVERSION = YES;
				CLANG_WARN_CONSTANT_CONVERSION = YES;
				CLANG_WARN_DIRECT_OBJC_ISA_USAGE = YES_ERROR;
				CLANG_WARN_EMPTY_BODY = YES;
				CLANG_WARN_ENUM_CONVERSION = YES;
				CLANG_WARN_INT_CONVERSION = YES;
				CLANG_WARN_OBJC_ROOT_CLASS = YES_ERROR;
				CLANG_WARN_UNREACHABLE_CODE = YES;
				CLANG_WARN__DUPLICATE_METHOD_MATCH = YES;
				"CODE_SIGN_IDENTITY[sdk=iphoneos*]" = "iPhone Developer: Sachiko Kajishima (VZD7YK56U8)";
				COPY_PHASE_STRIP = NO;
				DEBUG_INFORMATION_FORMAT = "dwarf-with-dsym";
				ENABLE_NS_ASSERTIONS = NO;
				ENABLE_STRICT_OBJC_MSGSEND = YES;
				GCC_C_LANGUAGE_STANDARD = gnu99;
				GCC_NO_COMMON_BLOCKS = YES;
				GCC_WARN_64_TO_32_BIT_CONVERSION = YES;
				GCC_WARN_ABOUT_RETURN_TYPE = YES_ERROR;
				GCC_WARN_UNDECLARED_SELECTOR = YES;
				GCC_WARN_UNINITIALIZED_AUTOS = YES_AGGRESSIVE;
				GCC_WARN_UNUSED_FUNCTION = YES;
				GCC_WARN_UNUSED_VARIABLE = YES;
				IPHONEOS_DEPLOYMENT_TARGET = 8.3;
				MTL_ENABLE_DEBUG_INFO = NO;
				SDKROOT = iphoneos;
				TARGETED_DEVICE_FAMILY = "1,2";
				VALIDATE_PRODUCT = YES;
			};
			name = Release;
		};
		8EDF50F41B10183900252808 /* Debug */ = {
			isa = XCBuildConfiguration;
			buildSettings = {
				ASSETCATALOG_COMPILER_APPICON_NAME = AppIcon;
				CLANG_ENABLE_MODULES = YES;
				CODE_SIGN_ENTITLEMENTS = SafetyDrink/SafetyDrink.entitlements;
				CODE_SIGN_IDENTITY = "iPhone Developer: Sachiko Kajishima (VZD7YK56U8)";
				INFOPLIST_FILE = SafetyDrink/Info.plist;
				LD_RUNPATH_SEARCH_PATHS = "$(inherited) @executable_path/Frameworks";
				PRODUCT_NAME = "$(TARGET_NAME)";
				SWIFT_OBJC_BRIDGING_HEADER = "SafetyDrink/SafetyDrink-Bridging-Header.h";
				SWIFT_OPTIMIZATION_LEVEL = "-Onone";
			};
			name = Debug;
		};
		8EDF50F51B10183900252808 /* Release */ = {
			isa = XCBuildConfiguration;
			buildSettings = {
				ASSETCATALOG_COMPILER_APPICON_NAME = AppIcon;
				CLANG_ENABLE_MODULES = YES;
				CODE_SIGN_ENTITLEMENTS = SafetyDrink/SafetyDrink.entitlements;
				CODE_SIGN_IDENTITY = "iPhone Developer";
				INFOPLIST_FILE = SafetyDrink/Info.plist;
				LD_RUNPATH_SEARCH_PATHS = "$(inherited) @executable_path/Frameworks";
				PRODUCT_NAME = "$(TARGET_NAME)";
				SWIFT_OBJC_BRIDGING_HEADER = "SafetyDrink/SafetyDrink-Bridging-Header.h";
			};
			name = Release;
		};
		8EDF50F71B10183900252808 /* Debug */ = {
			isa = XCBuildConfiguration;
			buildSettings = {
				BUNDLE_LOADER = "$(TEST_HOST)";
				CLANG_ENABLE_MODULES = YES;
				FRAMEWORK_SEARCH_PATHS = (
					"$(SDKROOT)/Developer/Library/Frameworks",
					"$(inherited)",
				);
				GCC_PREPROCESSOR_DEFINITIONS = (
					"DEBUG=1",
					"$(inherited)",
				);
				INFOPLIST_FILE = SafetyDrinkTests/Info.plist;
				LD_RUNPATH_SEARCH_PATHS = "$(inherited) @executable_path/Frameworks @loader_path/Frameworks";
				PRODUCT_NAME = "$(TARGET_NAME)";
				SWIFT_OBJC_BRIDGING_HEADER = "SafetyDrink/SafetyDrinkTests-Bridging-Header.h";
				SWIFT_OPTIMIZATION_LEVEL = "-Onone";
				TEST_HOST = "$(BUILT_PRODUCTS_DIR)/SafetyDrink.app/SafetyDrink";
			};
			name = Debug;
		};
		8EDF50F81B10183900252808 /* Release */ = {
			isa = XCBuildConfiguration;
			buildSettings = {
				BUNDLE_LOADER = "$(TEST_HOST)";
				CLANG_ENABLE_MODULES = YES;
				FRAMEWORK_SEARCH_PATHS = (
					"$(SDKROOT)/Developer/Library/Frameworks",
					"$(inherited)",
				);
				INFOPLIST_FILE = SafetyDrinkTests/Info.plist;
				LD_RUNPATH_SEARCH_PATHS = "$(inherited) @executable_path/Frameworks @loader_path/Frameworks";
				PRODUCT_NAME = "$(TARGET_NAME)";
				SWIFT_OBJC_BRIDGING_HEADER = "SafetyDrink/SafetyDrinkTests-Bridging-Header.h";
				TEST_HOST = "$(BUILT_PRODUCTS_DIR)/SafetyDrink.app/SafetyDrink";
			};
			name = Release;
		};
		8EDF51151B1018DA00252808 /* Debug */ = {
			isa = XCBuildConfiguration;
			buildSettings = {
				GCC_PREPROCESSOR_DEFINITIONS = (
					"DEBUG=1",
					"$(inherited)",
				);
				OTHER_LDFLAGS = "-ObjC";
				PRODUCT_NAME = "$(TARGET_NAME)";
				SKIP_INSTALL = YES;
			};
			name = Debug;
		};
		8EDF51161B1018DA00252808 /* Release */ = {
			isa = XCBuildConfiguration;
			buildSettings = {
				OTHER_LDFLAGS = "-ObjC";
				PRODUCT_NAME = "$(TARGET_NAME)";
				SKIP_INSTALL = YES;
			};
			name = Release;
		};
/* End XCBuildConfiguration section */

/* Begin XCConfigurationList section */
		8EDF50CF1B10183900252808 /* Build configuration list for PBXProject "SafetyDrink" */ = {
			isa = XCConfigurationList;
			buildConfigurations = (
				8EDF50F11B10183900252808 /* Debug */,
				8EDF50F21B10183900252808 /* Release */,
			);
			defaultConfigurationIsVisible = 0;
			defaultConfigurationName = Release;
		};
		8EDF50F31B10183900252808 /* Build configuration list for PBXNativeTarget "SafetyDrink" */ = {
			isa = XCConfigurationList;
			buildConfigurations = (
				8EDF50F41B10183900252808 /* Debug */,
				8EDF50F51B10183900252808 /* Release */,
			);
			defaultConfigurationIsVisible = 0;
			defaultConfigurationName = Release;
		};
		8EDF50F61B10183900252808 /* Build configuration list for PBXNativeTarget "SafetyDrinkTests" */ = {
			isa = XCConfigurationList;
			buildConfigurations = (
				8EDF50F71B10183900252808 /* Debug */,
				8EDF50F81B10183900252808 /* Release */,
			);
			defaultConfigurationIsVisible = 0;
			defaultConfigurationName = Release;
		};
		8EDF51141B1018DA00252808 /* Build configuration list for PBXNativeTarget "HVC" */ = {
			isa = XCConfigurationList;
			buildConfigurations = (
				8EDF51151B1018DA00252808 /* Debug */,
				8EDF51161B1018DA00252808 /* Release */,
			);
			defaultConfigurationIsVisible = 0;
			defaultConfigurationName = Release;
		};
/* End XCConfigurationList section */
	};
	rootObject = 8EDF50CC1B10183900252808 /* Project object */;
}
